hash: bf6ce8b703d9e9682135a90caf5e7d2a402f64f76a448a5b20b12ed59ef61c69
updated: 2016-06-10T15:55:53.317877522+03:00
imports:
- name: github.com/davecgh/go-spew
  version: 5215b55f46b2b919f50a1df0eaa5886afe4e3b3d
- name: github.com/elodina/go-avro
  version: 9cae38d1ed8a2da5e2ccb817589f77a016dd11a7
- name: github.com/elodina/siesta
  version: 9cae38d1ed8a2da5e2ccb817589f77a016dd11a7
- name: github.com/elodina/siesta-producer
  version: 9cae38d1ed8a2da5e2ccb817589f77a016dd11a7
- name: github.com/fatih/structs
  version: 9cae38d1ed8a2da5e2ccb817589f77a016dd11a7
- name: github.com/gocql/gocql
  version: 9cae38d1ed8a2da5e2ccb817589f77a016dd11a7
  subpackages:
  - internal/lru
  - internal/murmur
  - internal/streams
- name: github.com/golang/snappy
  version: 9cae38d1ed8a2da5e2ccb817589f77a016dd11a7
- name: github.com/hailocab/go-hostpool
  version: 9cae38d1ed8a2da5e2ccb817589f77a016dd11a7
- name: github.com/hashicorp/errwrap
  version: 9cae38d1ed8a2da5e2ccb817589f77a016dd11a7
- name: github.com/hashicorp/go-cleanhttp
  version: 9cae38d1ed8a2da5e2ccb817589f77a016dd11a7
- name: github.com/hashicorp/go-multierror
  version: 9cae38d1ed8a2da5e2ccb817589f77a016dd11a7
- name: github.com/hashicorp/go-rootcerts
  version: 9cae38d1ed8a2da5e2ccb817589f77a016dd11a7
- name: github.com/hashicorp/hcl
  version: 9cae38d1ed8a2da5e2ccb817589f77a016dd11a7
  subpackages:
  - hcl/ast
  - hcl/parser
  - hcl/token
  - json/parser
  - hcl/scanner
  - hcl/strconv
  - json/scanner
  - json/token
- name: github.com/hashicorp/vault
  version: 9cae38d1ed8a2da5e2ccb817589f77a016dd11a7
  subpackages:
  - api
- name: github.com/julienschmidt/httprouter
  version: 9cae38d1ed8a2da5e2ccb817589f77a016dd11a7
- name: github.com/mitchellh/go-homedir
  version: 9cae38d1ed8a2da5e2ccb817589f77a016dd11a7
- name: github.com/mitchellh/mapstructure
  version: 9cae38d1ed8a2da5e2ccb817589f77a016dd11a7
- name: github.com/pmezard/go-difflib
  version: 792786c7400a136282c1664665ae0a8db921c6c2
- name: github.com/rcrowley/go-metrics
  version: 9cae38d1ed8a2da5e2ccb817589f77a016dd11a7
- name: github.com/satori/go.uuid
  version: 9cae38d1ed8a2da5e2ccb817589f77a016dd11a7
- name: github.com/serejja/gonsumer
  version: 9cae38d1ed8a2da5e2ccb817589f77a016dd11a7
- name: github.com/serejja/kafka-client
  version: 9cae38d1ed8a2da5e2ccb817589f77a016dd11a7
- name: github.com/stretchr/testify
  version: 8d64eb7173c7753d6419fd4a9caf057398611364
- name: github.com/yanzay/cfg
  version: 9cae38d1ed8a2da5e2ccb817589f77a016dd11a7
- name: github.com/yanzay/log
  version: 9cae38d1ed8a2da5e2ccb817589f77a016dd11a7
- name: golang.org/x/net
  version: 9cae38d1ed8a2da5e2ccb817589f77a016dd11a7
  subpackages:
  - context
- name: gopkg.in/cihub/seelog.v2
  version: 9cae38d1ed8a2da5e2ccb817589f77a016dd11a7
- name: gopkg.in/inf.v0
  version: 9cae38d1ed8a2da5e2ccb817589f77a016dd11a7
- name: gopkg.in/stretchr/testify.v1
  version: 9cae38d1ed8a2da5e2ccb817589f77a016dd11a7
  subpackages:
  - assert
  - require
devImports: []
